
Microsoft Visual Studio Solution File, Format Version 12.00
# Visual Studio 2012
Project("{FAE04EC0-301F-11D3-BF4B-00C04F79EFBC}") = "editorconfig-monodevelop", "editorconfig-monodevelop\editorconfig-monodevelop.csproj", "{9128AAF0-D4DE-468A-BACF-85AFA267327F}"
EndProject
Global
	GlobalSection(SolutionConfigurationPlatforms) = preSolution
		Debug|Any CPU = Debug|Any CPU
		Release|Any CPU = Release|Any CPU
	EndGlobalSection
	GlobalSection(ProjectConfigurationPlatforms) = postSolution
		{9128AAF0-D4DE-468A-BACF-85AFA267327F}.Debug|Any CPU.ActiveCfg = Debug|Any CPU
		{9128AAF0-D4DE-468A-BACF-85AFA267327F}.Debug|Any CPU.Build.0 = Debug|Any CPU
		{9128AAF0-D4DE-468A-BACF-85AFA267327F}.Release|Any CPU.ActiveCfg = Release|Any CPU
		{9128AAF0-D4DE-468A-BACF-85AFA267327F}.Release|Any CPU.Build.0 = Release|Any CPU
	EndGlobalSection
EndGlobal
